
Microsoft Visual Studio Solution File, Format Version 12.00
# Visual Studio Version 16
VisualStudioVersion = 16.0.29519.87
MinimumVisualStudioVersion = 10.0.40219.1
Project("{FAE04EC0-301F-11D3-BF4B-00C04F79EFBC}") = "Laplass", "Laplass.csproj", "{3B424C47-9725-4804-B29E-0AE2B65CCE91}"
EndProject
Global
	GlobalSection(SolutionConfigurationPlatforms) = preSolution
		Debug|Any CPU = Debug|Any CPU
		Release|Any CPU = Release|Any CPU
	EndGlobalSection
	GlobalSection(ProjectConfigurationPlatforms) = postSolution
		{3B424C47-9725-4804-B29E-0AE2B65CCE91}.Debug|Any CPU.ActiveCfg = Debug|Any CPU
		{3B424C47-9725-4804-B29E-0AE2B65CCE91}.Debug|Any CPU.Build.0 = Debug|Any CPU
		{3B424C47-9725-4804-B29E-0AE2B65CCE91}.Release|Any CPU.ActiveCfg = Release|Any CPU
		{3B424C47-9725-4804-B29E-0AE2B65CCE91}.Release|Any CPU.Build.0 = Release|Any CPU
	EndGlobalSection
	GlobalSection(SolutionProperties) = preSolution
		HideSolutionNode = FALSE
	EndGlobalSection
	GlobalSection(ExtensibilityGlobals) = postSolution
		SolutionGuid = {C00B34AC-1692-4243-BF2D-2B9F7CBD4620}
	EndGlobalSection
EndGlobal
